{
  "nodes": {
    "home-manager": {
      "inputs": {
        "nixpkgs": [
          "nixpkgs"
        ]
      },
      "locked": {
        "lastModified": 1775143651,
        "narHash": "sha256-S0RqAyDPMTcv9vASMaE8eY1QexFysAOdnxUxFHIPOyE=",
        "owner": "nix-community",
        "repo": "home-manager",
        "rev": "d166a078541982a76f14d3e06e9665fa5c9ed85e",
        "type": "github"
      },
      "original": {
        "owner": "nix-community",
        "repo": "home-manager",
        "type": "github"
      }
    },
    "home-manager_2": {
      "inputs": {
        "nixpkgs": [
          "zen-browser",
          "nixpkgs"
        ]
      },
      "locked": {
        "lastModified": 1774991950,
        "narHash": "sha256-kScKj3qJDIWuN9/6PMmgy5esrTUkYinrO5VvILik/zw=",
        "owner": "nix-community",
        "repo": "home-manager",
        "rev": "f2d3e04e278422c7379e067e323734f3e8c585a7",
        "type": "github"
      },
      "original": {
        "owner": "nix-community",
        "repo": "home-manager",
        "type": "github"
      }
    },
    "nixpkgs": {
      "locked": {
        "lastModified": 1775036866,
        "narHash": "sha256-ZojAnPuCdy657PbTq5V0Y+AHKhZAIwSIT2cb8UgAz/U=",
        "owner": "nixos",
        "repo": "nixpkgs",
        "rev": "6201e203d09599479a3b3450ed24fa81537ebc4e",
        "type": "github"
      },
      "original": {
        "owner": "nixos",
        "ref": "nixos-unstable",
        "repo": "nixpkgs",
        "type": "github"
      }
    },
    "root": {
      "inputs": {
        "home-manager": "home-manager",
        "nixpkgs": "nixpkgs",
        "zen-browser": "zen-browser"
      }
    },
    "zen-browser": {
      "inputs": {
        "home-manager": "home-manager_2",
        "nixpkgs": [
          "nixpkgs"
        ]
      },
      "locked": {
        "lastModified": 1775106234,
        "narHash": "sha256-ZCHEj7dvqaguQy2yOHELkrkgPRAbnno+Lg9PAAiBv44=",
        "owner": "0xc000022070",
        "repo": "zen-browser-flake",
        "rev": "0118405698718bd82343050d4419072fffd0df54",
        "type": "github"
      },
      "original": {
        "owner": "0xc000022070",
        "repo": "zen-browser-flake",
        "type": "github"
      }
    }
  },
  "root": "root",
  "version": 7
}
